
Microsoft Visual Studio Solution File, Format Version 12.00
Project("{FAE04EC0-301F-11D3-BF4B-00C04F79EFBC}") = "deemix-wrapper", "deemix-wrapper\deemix-wrapper.csproj", "{7F3EE5F3-47FA-4A8F-A875-3411C3A05022}"
EndProject
Global
	GlobalSection(SolutionConfigurationPlatforms) = preSolution
		Debug|Any CPU = Debug|Any CPU
		Release|Any CPU = Release|Any CPU
	EndGlobalSection
	GlobalSection(ProjectConfigurationPlatforms) = postSolution
		{7F3EE5F3-47FA-4A8F-A875-3411C3A05022}.Debug|Any CPU.ActiveCfg = Debug|Any CPU
		{7F3EE5F3-47FA-4A8F-A875-3411C3A05022}.Debug|Any CPU.Build.0 = Debug|Any CPU
		{7F3EE5F3-47FA-4A8F-A875-3411C3A05022}.Release|Any CPU.ActiveCfg = Release|Any CPU
		{7F3EE5F3-47FA-4A8F-A875-3411C3A05022}.Release|Any CPU.Build.0 = Release|Any CPU
	EndGlobalSection
EndGlobal
